// !$*UTF8*$!
{
	archiveVersion = 1;
	classes = {
	};
	objectVersion = 50;
	objects = {

/* Begin PBXBuildFile section */
		DD04CB802509B0B00096E4DD /* AppDelegate.swift in Sources */ = {isa = PBXBuildFile; fileRef = DD04CB7F2509B0B00096E4DD /* AppDelegate.swift */; };
		DD04CB822509B0B00096E4DD /* SceneDelegate.swift in Sources */ = {isa = PBXBuildFile; fileRef = DD04CB812509B0B00096E4DD /* SceneDelegate.swift */; };
		DD04CB842509B0B00096E4DD /* ViewController.swift in Sources */ = {isa = PBXBuildFile; fileRef = DD04CB832509B0B00096E4DD /* ViewController.swift */; };
		DD04CB872509B0B00096E4DD /* Main.storyboard in Resources */ = {isa = PBXBuildFile; fileRef = DD04CB852509B0B00096E4DD /* Main.storyboard */; };
		DD04CB892509B0B10096E4DD /* Assets.xcassets in Resources */ = {isa = PBXBuildFile; fileRef = DD04CB882509B0B10096E4DD /* Assets.xcassets */; };
		DD04CB8C2509B0B10096E4DD /* LaunchScreen.storyboard in Resources */ = {isa = PBXBuildFile; fileRef = DD04CB8A2509B0B10096E4DD /* LaunchScreen.storyboard */; };
		DD04CB942509B32B0096E4DD /* PlacesTableViewController.swift in Sources */ = {isa = PBXBuildFile; fileRef = DD04CB932509B32B0096E4DD /* PlacesTableViewController.swift */; };
		DD04CB962509B4E70096E4DD /* PlaceFinderViewController.swift in Sources */ = {isa = PBXBuildFile; fileRef = DD04CB952509B4E70096E4DD /* PlaceFinderViewController.swift */; };
		DD04CB982509BEC70096E4DD /* MapViewController.swift in Sources */ = {isa = PBXBuildFile; fileRef = DD04CB972509BEC70096E4DD /* MapViewController.swift */; };
/* End PBXBuildFile section */

/* Begin PBXFileReference section */
		DD04CB7C2509B0B00096E4DD /* QueroConhecer.app */ = {isa = PBXFileReference; explicitFileType = wrapper.application; includeInIndex = 0; path = QueroConhecer.app; sourceTree = BUILT_PRODUCTS_DIR; };
		DD04CB7F2509B0B00096E4DD /* AppDelegate.swift */ = {isa = PBXFileReference; lastKnownFileType = sourcecode.swift; path = AppDelegate.swift; sourceTree = "<group>"; };
		DD04CB812509B0B00096E4DD /* SceneDelegate.swift */ = {isa = PBXFileReference; lastKnownFileType = sourcecode.swift; path = SceneDelegate.swift; sourceTree = "<group>"; };
		DD04CB832509B0B00096E4DD /* ViewController.swift */ = {isa = PBXFileReference; lastKnownFileType = sourcecode.swift; path = ViewController.swift; sourceTree = "<group>"; };
		DD04CB862509B0B00096E4DD /* Base */ = {isa = PBXFileReference; lastKnownFileType = file.storyboard; name = Base; path = Base.lproj/Main.storyboard; sourceTree = "<group>"; };
		DD04CB882509B0B10096E4DD /* Assets.xcassets */ = {isa = PBXFileReference; lastKnownFileType = folder.assetcatalog; path = Assets.xcassets; sourceTree = "<group>"; };
		DD04CB8B2509B0B10096E4DD /* Base */ = {isa = PBXFileReference; lastKnownFileType = file.storyboard; name = Base; path = Base.lproj/LaunchScreen.storyboard; sourceTree = "<group>"; };
		DD04CB8D2509B0B10096E4DD /* Info.plist */ = {isa = PBXFileReference; lastKnownFileType = text.plist.xml; path = Info.plist; sourceTree = "<group>"; };
		DD04CB932509B32B0096E4DD /* PlacesTableViewController.swift */ = {isa = PBXFileReference; lastKnownFileType = sourcecode.swift; path = PlacesTableViewController.swift; sourceTree = "<group>"; };
		DD04CB952509B4E70096E4DD /* PlaceFinderViewController.swift */ = {isa = PBXFileReference; lastKnownFileType = sourcecode.swift; path = PlaceFinderViewController.swift; sourceTree = "<group>"; };
		DD04CB972509BEC70096E4DD /* MapViewController.swift */ = {isa = PBXFileReference; lastKnownFileType = sourcecode.swift; path = MapViewController.swift; sourceTree = "<group>"; };
/* End PBXFileReference section */

/* Begin PBXFrameworksBuildPhase section */
		DD04CB792509B0B00096E4DD /* Frameworks */ = {
			isa = PBXFrameworksBuildPhase;
			buildActionMask = 2147483647;
			files = (
			);
			runOnlyForDeploymentPostprocessing = 0;
		};
/* End PBXFrameworksBuildPhase section */

/* Begin PBXGroup section */
		DD04CB732509B0B00096E4DD = {
			isa = PBXGroup;
			children = (
				DD04CB7E2509B0B00096E4DD /* QueroConhecer */,
				DD04CB7D2509B0B00096E4DD /* Products */,
			);
			sourceTree = "<group>";
		};
		DD04CB7D2509B0B00096E4DD /* Products */ = {
			isa = PBXGroup;
			children = (
				DD04CB7C2509B0B00096E4DD /* QueroConhecer.app */,
			);
			name = Products;
			sourceTree = "<group>";
		};
		DD04CB7E2509B0B00096E4DD /* QueroConhecer */ = {
			isa = PBXGroup;
			children = (
				DD04CB7F2509B0B00096E4DD /* AppDelegate.swift */,
				DD04CB812509B0B00096E4DD /* SceneDelegate.swift */,
				DD04CB832509B0B00096E4DD /* ViewController.swift */,
				DD04CB852509B0B00096E4DD /* Main.storyboard */,
				DD04CB972509BEC70096E4DD /* MapViewController.swift */,
				DD04CB952509B4E70096E4DD /* PlaceFinderViewController.swift */,
				DD04CB932509B32B0096E4DD /* PlacesTableViewController.swift */,
				DD04CB882509B0B10096E4DD /* Assets.xcassets */,
				DD04CB8A2509B0B10096E4DD /* LaunchScreen.storyboard */,
				DD04CB8D2509B0B10096E4DD /* Info.plist */,
			);
			path = QueroConhecer;
			sourceTree = "<group>";
		};
/* End PBXGroup section */

/* Begin PBXNativeTarget section */
		DD04CB7B2509B0B00096E4DD /* QueroConhecer */ = {
			isa = PBXNativeTarget;
			buildConfigurationList = DD04CB902509B0B10096E4DD /* Build configuration list for PBXNativeTarget "QueroConhecer" */;
			buildPhases = (
				DD04CB782509B0B00096E4DD /* Sources */,
				DD04CB792509B0B00096E4DD /* Frameworks */,
				DD04CB7A2509B0B00096E4DD /* Resources */,
			);
			buildRules = (
			);
			dependencies = (
			);
			name = QueroConhecer;
			productName = QueroConhecer;
			productReference = DD04CB7C2509B0B00096E4DD /* QueroConhecer.app */;
			productType = "com.apple.product-type.application";
		};
/* End PBXNativeTarget section */

/* Begin PBXProject section */
		DD04CB742509B0B00096E4DD /* Project object */ = {
			isa = PBXProject;
			attributes = {
				LastSwiftUpdateCheck = 1170;
				LastUpgradeCheck = 1170;
				ORGANIZATIONNAME = "Vinícius Tinajero Salomão";
				TargetAttributes = {
					DD04CB7B2509B0B00096E4DD = {
						CreatedOnToolsVersion = 11.7;
					};
				};
			};
			buildConfigurationList = DD04CB772509B0B00096E4DD /* Build configuration list for PBXProject "QueroConhecer" */;
			compatibilityVersion = "Xcode 9.3";
			developmentRegion = en;
			hasScannedForEncodings = 0;
			knownRegions = (
				en,
				Base,
			);
			mainGroup = DD04CB732509B0B00096E4DD;
			productRefGroup = DD04CB7D2509B0B00096E4DD /* Products */;
			projectDirPath = "";
			projectRoot = "";
			targets = (
				DD04CB7B2509B0B00096E4DD /* QueroConhecer */,
			);
		};
/* End PBXProject section */

/* Begin PBXResourcesBuildPhase section */
		DD04CB7A2509B0B00096E4DD /* Resources */ = {
			isa = PBXResourcesBuildPhase;
			buildActionMask = 2147483647;
			files = (
				DD04CB8C2509B0B10096E4DD /* LaunchScreen.storyboard in Resources */,
				DD04CB892509B0B10096E4DD /* Assets.xcassets in Resources */,
				DD04CB872509B0B00096E4DD /* Main.storyboard in Resources */,
			);
			runOnlyForDeploymentPostprocessing = 0;
		};
/* End PBXResourcesBuildPhase section */

/* Begin PBXSourcesBuildPhase section */
		DD04CB782509B0B00096E4DD /* Sources */ = {
			isa = PBXSourcesBuildPhase;
			buildActionMask = 2147483647;
			files = (
				DD04CB842509B0B00096E4DD /* ViewController.swift in Sources */,
				DD04CB982509BEC70096E4DD /* MapViewController.swift in Sources */,
				DD04CB942509B32B0096E4DD /* PlacesTableViewController.swift in Sources */,
				DD04CB802509B0B00096E4DD /* AppDelegate.swift in Sources */,
				DD04CB962509B4E70096E4DD /* PlaceFinderViewController.swift in Sources */,
				DD04CB822509B0B00096E4DD /* SceneDelegate.swift in Sources */,
			);
			runOnlyForDeploymentPostprocessing = 0;
		};
/* End PBXSourcesBuildPhase section */

/* Begin PBXVariantGroup section */
		DD04CB852509B0B00096E4DD /* Main.storyboard */ = {
			isa = PBXVariantGroup;
			children = (
				DD04CB862509B0B00096E4DD /* Base */,
			);
			name = Main.storyboard;
			sourceTree = "<group>";
		};
		DD04CB8A2509B0B10096E4DD /* LaunchScreen.storyboard */ = {
			isa = PBXVariantGroup;
			children = (
				DD04CB8B2509B0B10096E4DD /* Base */,
			);
			name = LaunchScreen.storyboard;
			sourceTree = "<group>";
		};
/* End PBXVariantGroup section */

/* Begin XCBuildConfiguration section */
		DD04CB8E2509B0B10096E4DD /* Debug */ = {
			isa = XCBuildConfiguration;
			buildSettings = {
				ALWAYS_SEARCH_USER_PATHS = NO;
				CLANG_ANALYZER_NONNULL = YES;
				CLANG_ANALYZER_NUMBER_OBJECT_CONVERSION = YES_AGGRESSIVE;
				CLANG_CXX_LANGUAGE_STANDARD = "gnu++14";
				CLANG_CXX_LIBRARY = "libc++";
				CLANG_ENABLE_MODULES = YES;
				CLANG_ENABLE_OBJC_ARC = YES;
				CLANG_ENABLE_OBJC_WEAK = YES;
				CLANG_WARN_BLOCK_CAPTURE_AUTORELEASING = YES;
				CLANG_WARN_BOOL_CONVERSION = YES;
				CLANG_WARN_COMMA = YES;
				CLANG_WARN_CONSTANT_CONVERSION = YES;
				CLANG_WARN_DEPRECATED_OBJC_IMPLEMENTATIONS = YES;
				CLANG_WARN_DIRECT_OBJC_ISA_USAGE = YES_ERROR;
				CLANG_WARN_DOCUMENTATION_COMMENTS = YES;
				CLANG_WARN_EMPTY_BODY = YES;
				CLANG_WARN_ENUM_CONVERSION = YES;
				CLANG_WARN_INFINITE_RECURSION = YES;
				CLANG_WARN_INT_CONVERSION = YES;
				CLANG_WARN_NON_LITERAL_NULL_CONVERSION = YES;
				CLANG_WARN_OBJC_IMPLICIT_RETAIN_SELF = YES;
				CLANG_WARN_OBJC_LITERAL_CONVERSION = YES;
				CLANG_WARN_OBJC_ROOT_CLASS = YES_ERROR;
				CLANG_WARN_RANGE_LOOP_ANALYSIS = YES;
				CLANG_WARN_STRICT_PROTOTYPES = YES;
				CLANG_WARN_SUSPICIOUS_MOVE = YES;
				CLANG_WARN_UNGUARDED_AVAILABILITY = YES_AGGRESSIVE;
				CLANG_WARN_UNREACHABLE_CODE = YES;
				CLANG_WARN__DUPLICATE_METHOD_MATCH = YES;
				COPY_PHASE_STRIP = NO;
				DEBUG_INFORMATION_FORMAT = dwarf;
				ENABLE_STRICT_OBJC_MSGSEND = YES;
				ENABLE_TESTABILITY = YES;
				GCC_C_LANGUAGE_STANDARD = gnu11;
				GCC_DYNAMIC_NO_PIC = NO;
				GCC_NO_COMMON_BLOCKS = YES;
				GCC_OPTIMIZATION_LEVEL = 0;
				GCC_PREPROCESSOR_DEFINITIONS = (
					"DEBUG=1",
					"$(inherited)",
				);
				GCC_WARN_64_TO_32_BIT_CONVERSION = YES;
				GCC_WARN_ABOUT_RETURN_TYPE = YES_ERROR;
				GCC_WARN_UNDECLARED_SELECTOR = YES;
				GCC_WARN_UNINITIALIZED_AUTOS = YES_AGGRESSIVE;
				GCC_WARN_UNUSED_FUNCTION = YES;
				GCC_WARN_UNUSED_VARIABLE = YES;
				IPHONEOS_DEPLOYMENT_TARGET = 13.7;
				MTL_ENABLE_DEBUG_INFO = INCLUDE_SOURCE;
				MTL_FAST_MATH = YES;
				ONLY_ACTIVE_ARCH = YES;
				SDKROOT = iphoneos;
				SWIFT_ACTIVE_COMPILATION_CONDITIONS = DEBUG;
				SWIFT_OPTIMIZATION_LEVEL = "-Onone";
			};
			name = Debug;
		};
		DD04CB8F2509B0B10096E4DD /* Release */ = {
			isa = XCBuildConfiguration;
			buildSettings = {
				ALWAYS_SEARCH_USER_PATHS = NO;
				CLANG_ANALYZER_NONNULL = YES;
				CLANG_ANALYZER_NUMBER_OBJECT_CONVERSION = YES_AGGRESSIVE;
				CLANG_CXX_LANGUAGE_STANDARD = "gnu++14";
				CLANG_CXX_LIBRARY = "libc++";
				CLANG_ENABLE_MODULES = YES;
				CLANG_ENABLE_OBJC_ARC = YES;
				CLANG_ENABLE_OBJC_WEAK = YES;
				CLANG_WARN_BLOCK_CAPTURE_AUTORELEASING = YES;
				CLANG_WARN_BOOL_CONVERSION = YES;
				CLANG_WARN_COMMA = YES;
				CLANG_WARN_CONSTANT_CONVERSION = YES;
				CLANG_WARN_DEPRECATED_OBJC_IMPLEMENTATIONS = YES;
				CLANG_WARN_DIRECT_OBJC_ISA_USAGE = YES_ERROR;
				CLANG_WARN_DOCUMENTATION_COMMENTS = YES;
				CLANG_WARN_EMPTY_BODY = YES;
				CLANG_WARN_ENUM_CONVERSION = YES;
				CLANG_WARN_INFINITE_RECURSION = YES;
				CLANG_WARN_INT_CONVERSION = YES;
				CLANG_WARN_NON_LITERAL_NULL_CONVERSION = YES;
				CLANG_WARN_OBJC_IMPLICIT_RETAIN_SELF = YES;
				CLANG_WARN_OBJC_LITERAL_CONVERSION = YES;
				CLANG_WARN_OBJC_ROOT_CLASS = YES_ERROR;
				CLANG_WARN_RANGE_LOOP_ANALYSIS = YES;
				CLANG_WARN_STRICT_PROTOTYPES = YES;
				CLANG_WARN_SUSPICIOUS_MOVE = YES;
				CLANG_WARN_UNGUARDED_AVAILABILITY = YES_AGGRESSIVE;
				CLANG_WARN_UNREACHABLE_CODE = YES;
				CLANG_WARN__DUPLICATE_METHOD_MATCH = YES;
				COPY_PHASE_STRIP = NO;
				DEBUG_INFORMATION_FORMAT = "dwarf-with-dsym";
				ENABLE_NS_ASSERTIONS = NO;
				ENABLE_STRICT_OBJC_MSGSEND = YES;
				GCC_C_LANGUAGE_STANDARD = gnu11;
				GCC_NO_COMMON_BLOCKS = YES;
				GCC_WARN_64_TO_32_BIT_CONVERSION = YES;
				GCC_WARN_ABOUT_RETURN_TYPE = YES_ERROR;
				GCC_WARN_UNDECLARED_SELECTOR = YES;
				GCC_WARN_UNINITIALIZED_AUTOS = YES_AGGRESSIVE;
				GCC_WARN_UNUSED_FUNCTION = YES;
				GCC_WARN_UNUSED_VARIABLE = YES;
				IPHONEOS_DEPLOYMENT_TARGET = 13.7;
				MTL_ENABLE_DEBUG_INFO = NO;
				MTL_FAST_MATH = YES;
				SDKROOT = iphoneos;
				SWIFT_COMPILATION_MODE = wholemodule;
				SWIFT_OPTIMIZATION_LEVEL = "-O";
				VALIDATE_PRODUCT = YES;
			};
			name = Release;
		};
		DD04CB912509B0B10096E4DD /* Debug */ = {
			isa = XCBuildConfiguration;
			buildSettings = {
				ASSETCATALOG_COMPILER_APPICON_NAME = AppIcon;
				CODE_SIGN_STYLE = Automatic;
				INFOPLIST_FILE = QueroConhecer/Info.plist;
				LD_RUNPATH_SEARCH_PATHS = (
					"$(inherited)",
					"@executable_path/Frameworks",
				);
				PRODUCT_BUNDLE_IDENTIFIER = com.viniciustsalomao.QueroConhecer;
				PRODUCT_NAME = "$(TARGET_NAME)";
				SWIFT_VERSION = 5.0;
				TARGETED_DEVICE_FAMILY = 1;
			};
			name = Debug;
		};
		DD04CB922509B0B10096E4DD /* Release */ = {
			isa = XCBuildConfiguration;
			buildSettings = {
				ASSETCATALOG_COMPILER_APPICON_NAME = AppIcon;
				CODE_SIGN_STYLE = Automatic;
				INFOPLIST_FILE = QueroConhecer/Info.plist;
				LD_RUNPATH_SEARCH_PATHS = (
					"$(inherited)",
					"@executable_path/Frameworks",
				);
				PRODUCT_BUNDLE_IDENTIFIER = com.viniciustsalomao.QueroConhecer;
				PRODUCT_NAME = "$(TARGET_NAME)";
				SWIFT_VERSION = 5.0;
				TARGETED_DEVICE_FAMILY = 1;
			};
			name = Release;
		};
/* End XCBuildConfiguration section */

/* Begin XCConfigurationList section */
		DD04CB772509B0B00096E4DD /* Build configuration list for PBXProject "QueroConhecer" */ = {
			isa = XCConfigurationList;
			buildConfigurations = (
				DD04CB8E2509B0B10096E4DD /* Debug */,
				DD04CB8F2509B0B10096E4DD /* Release */,
			);
			defaultConfigurationIsVisible = 0;
			defaultConfigurationName = Release;
		};
		DD04CB902509B0B10096E4DD /* Build configuration list for PBXNativeTarget "QueroConhecer" */ = {
			isa = XCConfigurationList;
			buildConfigurations = (
				DD04CB912509B0B10096E4DD /* Debug */,
				DD04CB922509B0B10096E4DD /* Release */,
			);
			defaultConfigurationIsVisible = 0;
			defaultConfigurationName = Release;
		};
/* End XCConfigurationList section */
	};
	rootObject = DD04CB742509B0B00096E4DD /* Project object */;
}
